
Microsoft Visual Studio Solution File, Format Version 12.00
# Visual Studio Version 16
VisualStudioVersion = 16.0.29613.14
MinimumVisualStudioVersion = 10.0.40219.1
Project("{9A19103F-16F7-4668-BE54-9A1E7A4F7556}") = "BlazorOverview", "BlazorOverview\BlazorOverview.csproj", "{B228BE66-92B1-4D93-831E-2A8DA9CE45D6}"
EndProject
Global
	GlobalSection(SolutionConfigurationPlatforms) = preSolution
		Debug|Any CPU = Debug|Any CPU
		Release|Any CPU = Release|Any CPU
	EndGlobalSection
	GlobalSection(ProjectConfigurationPlatforms) = postSolution
		{B228BE66-92B1-4D93-831E-2A8DA9CE45D6}.Debug|Any CPU.ActiveCfg = Debug|Any CPU
		{B228BE66-92B1-4D93-831E-2A8DA9CE45D6}.Debug|Any CPU.Build.0 = Debug|Any CPU
		{B228BE66-92B1-4D93-831E-2A8DA9CE45D6}.Release|Any CPU.ActiveCfg = Release|Any CPU
		{B228BE66-92B1-4D93-831E-2A8DA9CE45D6}.Release|Any CPU.Build.0 = Release|Any CPU
	EndGlobalSection
	GlobalSection(SolutionProperties) = preSolution
		HideSolutionNode = FALSE
	EndGlobalSection
	GlobalSection(ExtensibilityGlobals) = postSolution
		SolutionGuid = {380EACA3-6C71-4F26-9AE8-0C1E30A834E0}
	EndGlobalSection
EndGlobal
